
Microsoft Visual Studio Solution File, Format Version 12.00
# Visual Studio Version 17
VisualStudioVersion = 17.9.34723.18
MinimumVisualStudioVersion = 10.0.40219.1
Project("{FAE04EC0-301F-11D3-BF4B-00C04F79EFBC}") = "ZadanieRekrutacyjneNetwiseAPI", "ZadanieRekrutacyjneNetwiseAPI\ZadanieRekrutacyjneNetwiseAPI.csproj", "{2CA4651B-1E83-4A26-B132-1A9AE7FD6759}"
EndProject
Global
	GlobalSection(SolutionConfigurationPlatforms) = preSolution
		Debug|Any CPU = Debug|Any CPU
		Release|Any CPU = Release|Any CPU
	EndGlobalSection
	GlobalSection(ProjectConfigurationPlatforms) = postSolution
		{2CA4651B-1E83-4A26-B132-1A9AE7FD6759}.Debug|Any CPU.ActiveCfg = Debug|Any CPU
		{2CA4651B-1E83-4A26-B132-1A9AE7FD6759}.Debug|Any CPU.Build.0 = Debug|Any CPU
		{2CA4651B-1E83-4A26-B132-1A9AE7FD6759}.Release|Any CPU.ActiveCfg = Release|Any CPU
		{2CA4651B-1E83-4A26-B132-1A9AE7FD6759}.Release|Any CPU.Build.0 = Release|Any CPU
	EndGlobalSection
	GlobalSection(SolutionProperties) = preSolution
		HideSolutionNode = FALSE
	EndGlobalSection
	GlobalSection(ExtensibilityGlobals) = postSolution
		SolutionGuid = {74550E3F-C700-478A-8B8D-1C34E33449E6}
	EndGlobalSection
EndGlobal
